
Microsoft Visual Studio Solution File, Format Version 12.00
# Visual Studio Version 16
VisualStudioVersion = 16.0.31321.278
MinimumVisualStudioVersion = 10.0.40219.1
Project("{9A19103F-16F7-4668-BE54-9A1E7A4F7556}") = "ST24", "ST24.csproj", "{0E83A79C-E1FD-4E59-8987-B55187FA7593}"
EndProject
Global
	GlobalSection(SolutionConfigurationPlatforms) = preSolution
		Debug|Any CPU = Debug|Any CPU
		Release|Any CPU = Release|Any CPU
	EndGlobalSection
	GlobalSection(ProjectConfigurationPlatforms) = postSolution
		{0E83A79C-E1FD-4E59-8987-B55187FA7593}.Debug|Any CPU.ActiveCfg = Debug|Any CPU
		{0E83A79C-E1FD-4E59-8987-B55187FA7593}.Debug|Any CPU.Build.0 = Debug|Any CPU
		{0E83A79C-E1FD-4E59-8987-B55187FA7593}.Release|Any CPU.ActiveCfg = Release|Any CPU
		{0E83A79C-E1FD-4E59-8987-B55187FA7593}.Release|Any CPU.Build.0 = Release|Any CPU
	EndGlobalSection
	GlobalSection(SolutionProperties) = preSolution
		HideSolutionNode = FALSE
	EndGlobalSection
	GlobalSection(ExtensibilityGlobals) = postSolution
		SolutionGuid = {BDE1E43B-31D8-4589-AFD3-BFE45BA71132}
	EndGlobalSection
EndGlobal
